
Microsoft Visual Studio Solution File, Format Version 12.00
# Visual Studio Version 17
VisualStudioVersion = 17.5.33516.290
MinimumVisualStudioVersion = 10.0.40219.1
Project("{9A19103F-16F7-4668-BE54-9A1E7A4F7556}") = "GMPay.Api", "GMPay.Api\GMPay.Api.csproj", "{7C1C98AA-CA0F-4375-AAF4-11B5822C26F7}"
EndProject
Project("{9A19103F-16F7-4668-BE54-9A1E7A4F7556}") = "GMPay.Core", "GMPay.Core\GMPay.Core.csproj", "{D6FB96E6-BEE9-49C9-98D2-1EFAE1DA375E}"
EndProject
Project("{9A19103F-16F7-4668-BE54-9A1E7A4F7556}") = "GMPay.Data", "GMPay.Data\GMPay.Data.csproj", "{BD9525C4-C4FA-47B9-B051-28684FE15799}"
EndProject
Project("{FAE04EC0-301F-11D3-BF4B-00C04F79EFBC}") = "GMPPay.Tests", "GMPPay.Tests\GMPPay.Tests.csproj", "{DEEDB0CF-F7EC-4984-84A3-3D46ED3AAC22}"
EndProject
Global
	GlobalSection(SolutionConfigurationPlatforms) = preSolution
		Debug|Any CPU = Debug|Any CPU
		Release|Any CPU = Release|Any CPU
	EndGlobalSection
	GlobalSection(ProjectConfigurationPlatforms) = postSolution
		{7C1C98AA-CA0F-4375-AAF4-11B5822C26F7}.Debug|Any CPU.ActiveCfg = Debug|Any CPU
		{7C1C98AA-CA0F-4375-AAF4-11B5822C26F7}.Debug|Any CPU.Build.0 = Debug|Any CPU
		{7C1C98AA-CA0F-4375-AAF4-11B5822C26F7}.Release|Any CPU.ActiveCfg = Release|Any CPU
		{7C1C98AA-CA0F-4375-AAF4-11B5822C26F7}.Release|Any CPU.Build.0 = Release|Any CPU
		{D6FB96E6-BEE9-49C9-98D2-1EFAE1DA375E}.Debug|Any CPU.ActiveCfg = Debug|Any CPU
		{D6FB96E6-BEE9-49C9-98D2-1EFAE1DA375E}.Debug|Any CPU.Build.0 = Debug|Any CPU
		{D6FB96E6-BEE9-49C9-98D2-1EFAE1DA375E}.Release|Any CPU.ActiveCfg = Release|Any CPU
		{D6FB96E6-BEE9-49C9-98D2-1EFAE1DA375E}.Release|Any CPU.Build.0 = Release|Any CPU
		{BD9525C4-C4FA-47B9-B051-28684FE15799}.Debug|Any CPU.ActiveCfg = Debug|Any CPU
		{BD9525C4-C4FA-47B9-B051-28684FE15799}.Debug|Any CPU.Build.0 = Debug|Any CPU
		{BD9525C4-C4FA-47B9-B051-28684FE15799}.Release|Any CPU.ActiveCfg = Release|Any CPU
		{BD9525C4-C4FA-47B9-B051-28684FE15799}.Release|Any CPU.Build.0 = Release|Any CPU
		{DEEDB0CF-F7EC-4984-84A3-3D46ED3AAC22}.Debug|Any CPU.ActiveCfg = Debug|Any CPU
		{DEEDB0CF-F7EC-4984-84A3-3D46ED3AAC22}.Debug|Any CPU.Build.0 = Debug|Any CPU
		{DEEDB0CF-F7EC-4984-84A3-3D46ED3AAC22}.Release|Any CPU.ActiveCfg = Release|Any CPU
		{DEEDB0CF-F7EC-4984-84A3-3D46ED3AAC22}.Release|Any CPU.Build.0 = Release|Any CPU
	EndGlobalSection
	GlobalSection(SolutionProperties) = preSolution
		HideSolutionNode = FALSE
	EndGlobalSection
	GlobalSection(ExtensibilityGlobals) = postSolution
		SolutionGuid = {184A1CD6-C942-40B2-A6BE-23372DF2715A}
	EndGlobalSection
EndGlobal
